
Microsoft Visual Studio Solution File, Format Version 12.00
# Visual Studio 15
VisualStudioVersion = 15.0.28307.421
MinimumVisualStudioVersion = 10.0.40219.1
Project("{FAE04EC0-301F-11D3-BF4B-00C04F79EFBC}") = "OpenStreetMap_Engine", "OpenStreetMap_Engine\OpenStreetMap_Engine.csproj", "{6FA965A7-A120-472D-A85B-75A63EF9BA1F}"
EndProject
Project("{FAE04EC0-301F-11D3-BF4B-00C04F79EFBC}") = "TestOSM", "TestOSM\TestOSM.csproj", "{597F63A5-8996-4E91-AB41-A53268ABC67F}"
EndProject
Project("{FAE04EC0-301F-11D3-BF4B-00C04F79EFBC}") = "OpenStreetMap_oM", "OpenStreetMap_oM\OpenStreetMap_oM.csproj", "{743D0DE2-40C7-4229-AF19-C7A656894242}"
EndProject
Global
	GlobalSection(SolutionConfigurationPlatforms) = preSolution
		Debug|Any CPU = Debug|Any CPU
		Release|Any CPU = Release|Any CPU
	EndGlobalSection
	GlobalSection(ProjectConfigurationPlatforms) = postSolution
		{6FA965A7-A120-472D-A85B-75A63EF9BA1F}.Debug|Any CPU.ActiveCfg = Debug|Any CPU
		{6FA965A7-A120-472D-A85B-75A63EF9BA1F}.Debug|Any CPU.Build.0 = Debug|Any CPU
		{6FA965A7-A120-472D-A85B-75A63EF9BA1F}.Release|Any CPU.ActiveCfg = Release|Any CPU
		{6FA965A7-A120-472D-A85B-75A63EF9BA1F}.Release|Any CPU.Build.0 = Release|Any CPU
		{597F63A5-8996-4E91-AB41-A53268ABC67F}.Debug|Any CPU.ActiveCfg = Debug|Any CPU
		{597F63A5-8996-4E91-AB41-A53268ABC67F}.Debug|Any CPU.Build.0 = Debug|Any CPU
		{597F63A5-8996-4E91-AB41-A53268ABC67F}.Release|Any CPU.ActiveCfg = Release|Any CPU
		{597F63A5-8996-4E91-AB41-A53268ABC67F}.Release|Any CPU.Build.0 = Release|Any CPU
		{743D0DE2-40C7-4229-AF19-C7A656894242}.Debug|Any CPU.ActiveCfg = Debug|Any CPU
		{743D0DE2-40C7-4229-AF19-C7A656894242}.Debug|Any CPU.Build.0 = Debug|Any CPU
		{743D0DE2-40C7-4229-AF19-C7A656894242}.Release|Any CPU.ActiveCfg = Release|Any CPU
		{743D0DE2-40C7-4229-AF19-C7A656894242}.Release|Any CPU.Build.0 = Release|Any CPU
	EndGlobalSection
	GlobalSection(SolutionProperties) = preSolution
		HideSolutionNode = FALSE
	EndGlobalSection
	GlobalSection(ExtensibilityGlobals) = postSolution
		SolutionGuid = {632E8DA5-A1F1-4B50-A562-8294CA6F948F}
	EndGlobalSection
EndGlobal
